
Microsoft Visual Studio Solution File, Format Version 12.00
# Visual Studio Version 16
VisualStudioVersion = 16.0.30907.101
MinimumVisualStudioVersion = 10.0.40219.1
Project("{FAE04EC0-301F-11D3-BF4B-00C04F79EFBC}") = "AppTrombinoscope", "AppTrombinoscope\AppTrombinoscope.csproj", "{336678EF-893D-494B-8E23-E2E6F2BEDF11}"
EndProject
Project("{FAE04EC0-301F-11D3-BF4B-00C04F79EFBC}") = "DllbddPersonnels", "DllbddPersonnels\DllbddPersonnels.csproj", "{0DB98971-E24F-4A98-A98C-B36E32BE992B}"
EndProject
Global
	GlobalSection(SolutionConfigurationPlatforms) = preSolution
		Debug|Any CPU = Debug|Any CPU
		Release|Any CPU = Release|Any CPU
	EndGlobalSection
	GlobalSection(ProjectConfigurationPlatforms) = postSolution
		{336678EF-893D-494B-8E23-E2E6F2BEDF11}.Debug|Any CPU.ActiveCfg = Debug|Any CPU
		{336678EF-893D-494B-8E23-E2E6F2BEDF11}.Debug|Any CPU.Build.0 = Debug|Any CPU
		{336678EF-893D-494B-8E23-E2E6F2BEDF11}.Release|Any CPU.ActiveCfg = Release|Any CPU
		{336678EF-893D-494B-8E23-E2E6F2BEDF11}.Release|Any CPU.Build.0 = Release|Any CPU
		{0DB98971-E24F-4A98-A98C-B36E32BE992B}.Debug|Any CPU.ActiveCfg = Debug|Any CPU
		{0DB98971-E24F-4A98-A98C-B36E32BE992B}.Debug|Any CPU.Build.0 = Debug|Any CPU
		{0DB98971-E24F-4A98-A98C-B36E32BE992B}.Release|Any CPU.ActiveCfg = Release|Any CPU
		{0DB98971-E24F-4A98-A98C-B36E32BE992B}.Release|Any CPU.Build.0 = Release|Any CPU
	EndGlobalSection
	GlobalSection(SolutionProperties) = preSolution
		HideSolutionNode = FALSE
	EndGlobalSection
	GlobalSection(ExtensibilityGlobals) = postSolution
		SolutionGuid = {668722FF-4E2D-43B4-A825-57AB94B901B5}
	EndGlobalSection
EndGlobal
